
Microsoft Visual Studio Solution File, Format Version 12.00
# Visual Studio 15
VisualStudioVersion = 15.0.26124.0
MinimumVisualStudioVersion = 15.0.26124.0
Project("{FAE04EC0-301F-11D3-BF4B-00C04F79EFBC}") = "Receiver", "Receiver\Receiver.csproj", "{AC64D192-6021-4512-9CEF-99294C935268}"
EndProject
Project("{FAE04EC0-301F-11D3-BF4B-00C04F79EFBC}") = "ReceiverTest", "ReceiverTest\ReceiverTest.csproj", "{0300E3CB-289C-4EC4-A997-D978ED07844F}"
EndProject
Global
	GlobalSection(SolutionConfigurationPlatforms) = preSolution
		Debug|Any CPU = Debug|Any CPU
		Debug|x64 = Debug|x64
		Debug|x86 = Debug|x86
		Release|Any CPU = Release|Any CPU
		Release|x64 = Release|x64
		Release|x86 = Release|x86
	EndGlobalSection
	GlobalSection(SolutionProperties) = preSolution
		HideSolutionNode = FALSE
	EndGlobalSection
	GlobalSection(ProjectConfigurationPlatforms) = postSolution
		{AC64D192-6021-4512-9CEF-99294C935268}.Debug|Any CPU.ActiveCfg = Debug|Any CPU
		{AC64D192-6021-4512-9CEF-99294C935268}.Debug|Any CPU.Build.0 = Debug|Any CPU
		{AC64D192-6021-4512-9CEF-99294C935268}.Debug|x64.ActiveCfg = Debug|Any CPU
		{AC64D192-6021-4512-9CEF-99294C935268}.Debug|x64.Build.0 = Debug|Any CPU
		{AC64D192-6021-4512-9CEF-99294C935268}.Debug|x86.ActiveCfg = Debug|Any CPU
		{AC64D192-6021-4512-9CEF-99294C935268}.Debug|x86.Build.0 = Debug|Any CPU
		{AC64D192-6021-4512-9CEF-99294C935268}.Release|Any CPU.ActiveCfg = Release|Any CPU
		{AC64D192-6021-4512-9CEF-99294C935268}.Release|Any CPU.Build.0 = Release|Any CPU
		{AC64D192-6021-4512-9CEF-99294C935268}.Release|x64.ActiveCfg = Release|Any CPU
		{AC64D192-6021-4512-9CEF-99294C935268}.Release|x64.Build.0 = Release|Any CPU
		{AC64D192-6021-4512-9CEF-99294C935268}.Release|x86.ActiveCfg = Release|Any CPU
		{AC64D192-6021-4512-9CEF-99294C935268}.Release|x86.Build.0 = Release|Any CPU
		{0300E3CB-289C-4EC4-A997-D978ED07844F}.Debug|Any CPU.ActiveCfg = Debug|Any CPU
		{0300E3CB-289C-4EC4-A997-D978ED07844F}.Debug|Any CPU.Build.0 = Debug|Any CPU
		{0300E3CB-289C-4EC4-A997-D978ED07844F}.Debug|x64.ActiveCfg = Debug|Any CPU
		{0300E3CB-289C-4EC4-A997-D978ED07844F}.Debug|x64.Build.0 = Debug|Any CPU
		{0300E3CB-289C-4EC4-A997-D978ED07844F}.Debug|x86.ActiveCfg = Debug|Any CPU
		{0300E3CB-289C-4EC4-A997-D978ED07844F}.Debug|x86.Build.0 = Debug|Any CPU
		{0300E3CB-289C-4EC4-A997-D978ED07844F}.Release|Any CPU.ActiveCfg = Release|Any CPU
		{0300E3CB-289C-4EC4-A997-D978ED07844F}.Release|Any CPU.Build.0 = Release|Any CPU
		{0300E3CB-289C-4EC4-A997-D978ED07844F}.Release|x64.ActiveCfg = Release|Any CPU
		{0300E3CB-289C-4EC4-A997-D978ED07844F}.Release|x64.Build.0 = Release|Any CPU
		{0300E3CB-289C-4EC4-A997-D978ED07844F}.Release|x86.ActiveCfg = Release|Any CPU
		{0300E3CB-289C-4EC4-A997-D978ED07844F}.Release|x86.Build.0 = Release|Any CPU
	EndGlobalSection
EndGlobal
